
Microsoft Visual Studio Solution File, Format Version 12.00
# Visual Studio Version 17
VisualStudioVersion = 17.5.002.0
MinimumVisualStudioVersion = 10.0.40219.1
Project("{9A19103F-16F7-4668-BE54-9A1E7A4F7556}") = "Hugolf", "Hugolf.csproj", "{4347DB83-3F30-4025-ABDB-C6CBB4801875}"
EndProject
Global
	GlobalSection(SolutionConfigurationPlatforms) = preSolution
		Debug|Any CPU = Debug|Any CPU
		Release|Any CPU = Release|Any CPU
	EndGlobalSection
	GlobalSection(ProjectConfigurationPlatforms) = postSolution
		{4347DB83-3F30-4025-ABDB-C6CBB4801875}.Debug|Any CPU.ActiveCfg = Debug|Any CPU
		{4347DB83-3F30-4025-ABDB-C6CBB4801875}.Debug|Any CPU.Build.0 = Debug|Any CPU
		{4347DB83-3F30-4025-ABDB-C6CBB4801875}.Release|Any CPU.ActiveCfg = Release|Any CPU
		{4347DB83-3F30-4025-ABDB-C6CBB4801875}.Release|Any CPU.Build.0 = Release|Any CPU
	EndGlobalSection
	GlobalSection(SolutionProperties) = preSolution
		HideSolutionNode = FALSE
	EndGlobalSection
	GlobalSection(ExtensibilityGlobals) = postSolution
		SolutionGuid = {20146583-1D60-4599-B8B7-03BA2C224222}
	EndGlobalSection
EndGlobal
